{
  "version": 4,
  "terraform_version": "1.3.7",
  "serial": 11,
  "lineage": "68b4458e-aa6b-34a1-5cc9-ff7ee0fb37fb",
  "outputs": {
    "resource_group_name": {
      "value": "RG_EpamFP",
      "type": "string"
    }
  },
  "resources": [
    {
      "mode": "managed",
      "type": "azurerm_network_interface",
      "name": "AZVM_nic",
      "provider": "provider[\"registry.terraform.io/hashicorp/azurerm\"]",
      "instances": [
        {
          "schema_version": 0,
          "attributes": {
            "applied_dns_servers": [],
            "dns_servers": [],
            "enable_accelerated_networking": false,
            "enable_ip_forwarding": false,
            "id": "/subscriptions/4ddbf480-32c8-4bd9-99fb-7cea419d8be2/resourceGroups/RG_EpamFP/providers/Microsoft.Network/networkInterfaces/AZVM-NIC",
            "internal_dns_name_label": "",
            "internal_domain_name_suffix": "kuixz032fkguxo1qtzoqt4iyxh.bx.internal.cloudapp.net",
            "ip_configuration": [
              {
                "gateway_load_balancer_frontend_ip_configuration_id": "",
                "name": "AZVM_nic_configuration",
                "primary": true,
                "private_ip_address": "10.0.0.4",
                "private_ip_address_allocation": "Dynamic",
                "private_ip_address_version": "IPv4",
                "public_ip_address_id": "/subscriptions/4ddbf480-32c8-4bd9-99fb-7cea419d8be2/resourceGroups/RG_EpamFP/providers/Microsoft.Network/publicIPAddresses/AZVM-UbuntuWebServer-publicIP",
                "subnet_id": "/subscriptions/4ddbf480-32c8-4bd9-99fb-7cea419d8be2/resourceGroups/RG_EpamFP/providers/Microsoft.Network/virtualNetworks/AZVM-UbuntuWebServer-vnet/subnets/AZVM-UbuntuWebServer-subnet"
              }
            ],
            "location": "eastus",
            "mac_address": "",
            "name": "AZVM-NIC",
            "private_ip_address": "10.0.0.4",
            "private_ip_addresses": [
              "10.0.0.4"
            ],
            "resource_group_name": "RG_EpamFP",
            "tags": {},
            "timeouts": null,
            "virtual_machine_id": ""
          },
          "sensitive_attributes": [],
          "private": "eyJlMmJmYjczMC1lY2FhLTExZTYtOGY4OC0zNDM2M2JjN2M0YzAiOnsiY3JlYXRlIjoxODAwMDAwMDAwMDAwLCJkZWxldGUiOjE4MDAwMDAwMDAwMDAsInJlYWQiOjMwMDAwMDAwMDAwMCwidXBkYXRlIjoxODAwMDAwMDAwMDAwfX0=",
          "dependencies": [
            "azurerm_public_ip.az_public_ip",
            "azurerm_resource_group.rg",
            "azurerm_subnet.az_subnet",
            "azurerm_virtual_network.az_vn"
          ]
        }
      ]
    },
    {
      "mode": "managed",
      "type": "azurerm_network_interface_security_group_association",
      "name": "NSGtoNI",
      "provider": "provider[\"registry.terraform.io/hashicorp/azurerm\"]",
      "instances": [
        {
          "schema_version": 0,
          "attributes": {
            "id": "/subscriptions/4ddbf480-32c8-4bd9-99fb-7cea419d8be2/resourceGroups/RG_EpamFP/providers/Microsoft.Network/networkInterfaces/AZVM-NIC|/subscriptions/4ddbf480-32c8-4bd9-99fb-7cea419d8be2/resourceGroups/RG_EpamFP/providers/Microsoft.Network/networkSecurityGroups/AZ_WEB_NSG",
            "network_interface_id": "/subscriptions/4ddbf480-32c8-4bd9-99fb-7cea419d8be2/resourceGroups/RG_EpamFP/providers/Microsoft.Network/networkInterfaces/AZVM-NIC",
            "network_security_group_id": "/subscriptions/4ddbf480-32c8-4bd9-99fb-7cea419d8be2/resourceGroups/RG_EpamFP/providers/Microsoft.Network/networkSecurityGroups/AZ_WEB_NSG",
            "timeouts": null
          },
          "sensitive_attributes": [],
          "private": "eyJlMmJmYjczMC1lY2FhLTExZTYtOGY4OC0zNDM2M2JjN2M0YzAiOnsiY3JlYXRlIjoxODAwMDAwMDAwMDAwLCJkZWxldGUiOjE4MDAwMDAwMDAwMDAsInJlYWQiOjMwMDAwMDAwMDAwMCwidXBkYXRlIjoxODAwMDAwMDAwMDAwfX0=",
          "dependencies": [
            "azurerm_network_interface.AZVM_nic",
            "azurerm_network_security_group.AZ_WEB_nsg",
            "azurerm_public_ip.az_public_ip",
            "azurerm_resource_group.rg",
            "azurerm_subnet.az_subnet",
            "azurerm_virtual_network.az_vn"
          ]
        }
      ]
    },
    {
      "mode": "managed",
      "type": "azurerm_network_security_group",
      "name": "AZ_WEB_nsg",
      "provider": "provider[\"registry.terraform.io/hashicorp/azurerm\"]",
      "instances": [
        {
          "schema_version": 0,
          "attributes": {
            "id": "/subscriptions/4ddbf480-32c8-4bd9-99fb-7cea419d8be2/resourceGroups/RG_EpamFP/providers/Microsoft.Network/networkSecurityGroups/AZ_WEB_NSG",
            "location": "eastus",
            "name": "AZ_WEB_NSG",
            "resource_group_name": "RG_EpamFP",
            "security_rule": [
              {
                "access": "Allow",
                "description": "",
                "destination_address_prefix": "*",
                "destination_address_prefixes": [],
                "destination_application_security_group_ids": [],
                "destination_port_range": "22",
                "destination_port_ranges": [],
                "direction": "Inbound",
                "name": "SSH",
                "priority": 1001,
                "protocol": "Tcp",
                "source_address_prefix": "*",
                "source_address_prefixes": [],
                "source_application_security_group_ids": [],
                "source_port_range": "*",
                "source_port_ranges": []
              }
            ],
            "tags": {},
            "timeouts": null
          },
          "sensitive_attributes": [],
          "private": "eyJlMmJmYjczMC1lY2FhLTExZTYtOGY4OC0zNDM2M2JjN2M0YzAiOnsiY3JlYXRlIjoxODAwMDAwMDAwMDAwLCJkZWxldGUiOjE4MDAwMDAwMDAwMDAsInJlYWQiOjMwMDAwMDAwMDAwMCwidXBkYXRlIjoxODAwMDAwMDAwMDAwfX0=",
          "dependencies": [
            "azurerm_resource_group.rg"
          ]
        }
      ]
    },
    {
      "mode": "managed",
      "type": "azurerm_public_ip",
      "name": "az_public_ip",
      "provider": "provider[\"registry.terraform.io/hashicorp/azurerm\"]",
      "instances": [
        {
          "schema_version": 0,
          "attributes": {
            "allocation_method": "Dynamic",
            "availability_zone": "No-Zone",
            "domain_name_label": null,
            "fqdn": null,
            "id": "/subscriptions/4ddbf480-32c8-4bd9-99fb-7cea419d8be2/resourceGroups/RG_EpamFP/providers/Microsoft.Network/publicIPAddresses/AZVM-UbuntuWebServer-publicIP",
            "idle_timeout_in_minutes": 4,
            "ip_address": "",
            "ip_tags": {},
            "ip_version": "IPv4",
            "location": "eastus",
            "name": "AZVM-UbuntuWebServer-publicIP",
            "public_ip_prefix_id": null,
            "resource_group_name": "RG_EpamFP",
            "reverse_fqdn": null,
            "sku": "Basic",
            "sku_tier": "Regional",
            "tags": {},
            "timeouts": null,
            "zones": []
          },
          "sensitive_attributes": [],
          "private": "eyJlMmJmYjczMC1lY2FhLTExZTYtOGY4OC0zNDM2M2JjN2M0YzAiOnsiY3JlYXRlIjoxODAwMDAwMDAwMDAwLCJkZWxldGUiOjE4MDAwMDAwMDAwMDAsInJlYWQiOjMwMDAwMDAwMDAwMCwidXBkYXRlIjoxODAwMDAwMDAwMDAwfX0=",
          "dependencies": [
            "azurerm_resource_group.rg"
          ]
        }
      ]
    },
    {
      "mode": "managed",
      "type": "azurerm_resource_group",
      "name": "rg",
      "provider": "provider[\"registry.terraform.io/hashicorp/azurerm\"]",
      "instances": [
        {
          "schema_version": 0,
          "attributes": {
            "id": "/subscriptions/4ddbf480-32c8-4bd9-99fb-7cea419d8be2/resourceGroups/RG_EpamFP",
            "location": "eastus",
            "name": "RG_EpamFP",
            "tags": {},
            "timeouts": null
          },
          "sensitive_attributes": [],
          "private": "eyJlMmJmYjczMC1lY2FhLTExZTYtOGY4OC0zNDM2M2JjN2M0YzAiOnsiY3JlYXRlIjo1NDAwMDAwMDAwMDAwLCJkZWxldGUiOjU0MDAwMDAwMDAwMDAsInJlYWQiOjMwMDAwMDAwMDAwMCwidXBkYXRlIjo1NDAwMDAwMDAwMDAwfX0="
        }
      ]
    },
    {
      "mode": "managed",
      "type": "azurerm_subnet",
      "name": "az_subnet",
      "provider": "provider[\"registry.terraform.io/hashicorp/azurerm\"]",
      "instances": [
        {
          "schema_version": 0,
          "attributes": {
            "address_prefix": "10.0.0.0/24",
            "address_prefixes": [
              "10.0.0.0/24"
            ],
            "delegation": [],
            "enforce_private_link_endpoint_network_policies": false,
            "enforce_private_link_service_network_policies": false,
            "id": "/subscriptions/4ddbf480-32c8-4bd9-99fb-7cea419d8be2/resourceGroups/RG_EpamFP/providers/Microsoft.Network/virtualNetworks/AZVM-UbuntuWebServer-vnet/subnets/AZVM-UbuntuWebServer-subnet",
            "name": "AZVM-UbuntuWebServer-subnet",
            "resource_group_name": "RG_EpamFP",
            "service_endpoint_policy_ids": [],
            "service_endpoints": [],
            "timeouts": null,
            "virtual_network_name": "AZVM-UbuntuWebServer-vnet"
          },
          "sensitive_attributes": [],
          "private": "eyJlMmJmYjczMC1lY2FhLTExZTYtOGY4OC0zNDM2M2JjN2M0YzAiOnsiY3JlYXRlIjoxODAwMDAwMDAwMDAwLCJkZWxldGUiOjE4MDAwMDAwMDAwMDAsInJlYWQiOjMwMDAwMDAwMDAwMCwidXBkYXRlIjoxODAwMDAwMDAwMDAwfX0=",
          "dependencies": [
            "azurerm_resource_group.rg",
            "azurerm_virtual_network.az_vn"
          ]
        }
      ]
    },
    {
      "mode": "managed",
      "type": "azurerm_virtual_network",
      "name": "az_vn",
      "provider": "provider[\"registry.terraform.io/hashicorp/azurerm\"]",
      "instances": [
        {
          "schema_version": 0,
          "attributes": {
            "address_space": [
              "10.0.0.0/16"
            ],
            "bgp_community": "",
            "ddos_protection_plan": [],
            "dns_servers": [],
            "flow_timeout_in_minutes": 0,
            "guid": "eb7c1155-2abc-4b8d-bb70-9e5d09f918bf",
            "id": "/subscriptions/4ddbf480-32c8-4bd9-99fb-7cea419d8be2/resourceGroups/RG_EpamFP/providers/Microsoft.Network/virtualNetworks/AZVM-UbuntuWebServer-vnet",
            "location": "eastus",
            "name": "AZVM-UbuntuWebServer-vnet",
            "resource_group_name": "RG_EpamFP",
            "subnet": [
              {
                "address_prefix": "10.0.0.0/24",
                "id": "/subscriptions/4ddbf480-32c8-4bd9-99fb-7cea419d8be2/resourceGroups/RG_EpamFP/providers/Microsoft.Network/virtualNetworks/AZVM-UbuntuWebServer-vnet/subnets/AZVM-UbuntuWebServer-subnet",
                "name": "AZVM-UbuntuWebServer-subnet",
                "security_group": ""
              }
            ],
            "tags": {},
            "timeouts": null,
            "vm_protection_enabled": false
          },
          "sensitive_attributes": [],
          "private": "eyJlMmJmYjczMC1lY2FhLTExZTYtOGY4OC0zNDM2M2JjN2M0YzAiOnsiY3JlYXRlIjoxODAwMDAwMDAwMDAwLCJkZWxldGUiOjE4MDAwMDAwMDAwMDAsInJlYWQiOjMwMDAwMDAwMDAwMCwidXBkYXRlIjoxODAwMDAwMDAwMDAwfX0=",
          "dependencies": [
            "azurerm_resource_group.rg"
          ]
        }
      ]
    }
  ],
  "check_results": null
}
