{
  "version": 4,
  "terraform_version": "1.3.7",
  "serial": 61,
  "lineage": "68b4458e-aa6b-34a1-5cc9-ff7ee0fb37fb",
  "outputs": {
    "public_ip_address": {
      "value": "74.235.60.34",
      "type": "string"
    }
  },
  "resources": [
    {
      "mode": "managed",
      "type": "azurerm_linux_virtual_machine",
      "name": "AZVM",
      "provider": "provider[\"registry.terraform.io/hashicorp/azurerm\"]",
      "instances": [
        {
          "schema_version": 0,
          "attributes": {
            "additional_capabilities": [],
            "admin_password": null,
            "admin_ssh_key": [
              {
                "public_key": "ssh-rsa AAAAB3NzaC1yc2EAAAADAQABAAABgQDEBeMeSBguw4/BS10YKWs9VivVdFjGGkI1C88IaJ71wId/pES23AiWVmmO6jzFQkbuBLRrxTsE2Ki8mCFNaP7CiHJza2R0sYN9icefVgrI3G0q6J/G1RMPsKkIou8GGtDlD06Z3QTlJD9IG7CoebbDDDyv/WO2dOmVrM7IzVIt9/a+pJiQQxKizcShC2soksJBaCpFu7XK6oF/VSxbXO4rQ9rEosV3galVYpkeGIclw6mS+eZ8IEuz6yU6/FNTSVo9iOi4yhADdNh6kV3zr3MAQOiM6Zx0rk6zLUYq9y4hxMTn1aDLcbxmfwpUIjWpiULkeMOcGp4sstKcUpItHJ1zFwN0ku2xtp/QR1GV5lZ+Eh7Yj+EqrRDOL6VA45OomyCkxDPzPoLWMpfXBbyAkMYyBJe/JPG5LKR2IDkaZwk3BW8ks0erbfZlKAsMWUjqUOgSEyGnio8tHVrBX4x2Ll3XOo/aJ3RuwowECCq8SnZ8mGaCUOHTCrMCE7f6Feax2YM= shvedav86@gmail.com\n",
                "username": "alekceu"
              }
            ],
            "admin_username": "alekceu",
            "allow_extension_operations": true,
            "availability_set_id": "",
            "boot_diagnostics": [],
            "computer_name": "UbuntuWebServer",
            "custom_data": null,
            "dedicated_host_group_id": "",
            "dedicated_host_id": "",
            "disable_password_authentication": true,
            "encryption_at_host_enabled": false,
            "eviction_policy": "",
            "extensions_time_budget": "PT1H30M",
            "id": "/subscriptions/4ddbf480-32c8-4bd9-99fb-7cea419d8be2/resourceGroups/RG_EpamFP/providers/Microsoft.Compute/virtualMachines/AZVM-UbuntuWEBServer",
            "identity": [],
            "license_type": "",
            "location": "eastus",
            "max_bid_price": -1,
            "name": "AZVM-UbuntuWEBServer",
            "network_interface_ids": [
              "/subscriptions/4ddbf480-32c8-4bd9-99fb-7cea419d8be2/resourceGroups/RG_EpamFP/providers/Microsoft.Network/networkInterfaces/AZVM-NIC"
            ],
            "os_disk": [
              {
                "caching": "ReadWrite",
                "diff_disk_settings": [],
                "disk_encryption_set_id": "",
                "disk_size_gb": 30,
                "name": "AZVMUbuntuWEBServerOsDisk",
                "storage_account_type": "StandardSSD_LRS",
                "write_accelerator_enabled": false
              }
            ],
            "patch_mode": "ImageDefault",
            "plan": [],
            "platform_fault_domain": -1,
            "priority": "Regular",
            "private_ip_address": "10.0.0.4",
            "private_ip_addresses": [
              "10.0.0.4"
            ],
            "provision_vm_agent": true,
            "proximity_placement_group_id": "",
            "public_ip_address": "74.235.60.34",
            "public_ip_addresses": [
              "74.235.60.34"
            ],
            "resource_group_name": "RG_EpamFP",
            "secret": [],
            "secure_boot_enabled": false,
            "size": "Standard_B1ls",
            "source_image_id": "",
            "source_image_reference": [
              {
                "offer": "UbuntuServer",
                "publisher": "Canonical",
                "sku": "18.04-LTS",
                "version": "latest"
              }
            ],
            "tags": {},
            "timeouts": null,
            "user_data": "",
            "virtual_machine_id": "45d778f1-3262-4d23-a5f7-2ec16de85652",
            "virtual_machine_scale_set_id": "",
            "vtpm_enabled": false,
            "zone": ""
          },
          "sensitive_attributes": [],
          "private": "eyJlMmJmYjczMC1lY2FhLTExZTYtOGY4OC0zNDM2M2JjN2M0YzAiOnsiY3JlYXRlIjoyNzAwMDAwMDAwMDAwLCJkZWxldGUiOjI3MDAwMDAwMDAwMDAsInJlYWQiOjMwMDAwMDAwMDAwMCwidXBkYXRlIjoyNzAwMDAwMDAwMDAwfX0=",
          "dependencies": [
            "azurerm_network_interface.AZVM_nic",
            "azurerm_public_ip.az_public_ip",
            "azurerm_resource_group.rg",
            "azurerm_subnet.az_subnet",
            "azurerm_virtual_network.az_vn"
          ]
        }
      ]
    },
    {
      "mode": "managed",
      "type": "azurerm_network_interface",
      "name": "AZVM_nic",
      "provider": "provider[\"registry.terraform.io/hashicorp/azurerm\"]",
      "instances": [
        {
          "schema_version": 0,
          "attributes": {
            "applied_dns_servers": [],
            "dns_servers": [],
            "enable_accelerated_networking": false,
            "enable_ip_forwarding": false,
            "id": "/subscriptions/4ddbf480-32c8-4bd9-99fb-7cea419d8be2/resourceGroups/RG_EpamFP/providers/Microsoft.Network/networkInterfaces/AZVM-NIC",
            "internal_dns_name_label": "",
            "internal_domain_name_suffix": "cmfevdo1xteufmsze2g2ixza4c.bx.internal.cloudapp.net",
            "ip_configuration": [
              {
                "gateway_load_balancer_frontend_ip_configuration_id": "",
                "name": "AZVM_nic_configuration",
                "primary": true,
                "private_ip_address": "10.0.0.4",
                "private_ip_address_allocation": "Dynamic",
                "private_ip_address_version": "IPv4",
                "public_ip_address_id": "/subscriptions/4ddbf480-32c8-4bd9-99fb-7cea419d8be2/resourceGroups/RG_EpamFP/providers/Microsoft.Network/publicIPAddresses/AZVM-UbuntuWebServer-publicIP",
                "subnet_id": "/subscriptions/4ddbf480-32c8-4bd9-99fb-7cea419d8be2/resourceGroups/RG_EpamFP/providers/Microsoft.Network/virtualNetworks/AZVM-UbuntuWebServer-vnet/subnets/AZVM-UbuntuWebServer-subnet"
              }
            ],
            "location": "eastus",
            "mac_address": "00-22-48-20-3F-82",
            "name": "AZVM-NIC",
            "private_ip_address": "10.0.0.4",
            "private_ip_addresses": [
              "10.0.0.4"
            ],
            "resource_group_name": "RG_EpamFP",
            "tags": {},
            "timeouts": null,
            "virtual_machine_id": "/subscriptions/4ddbf480-32c8-4bd9-99fb-7cea419d8be2/resourceGroups/RG_EpamFP/providers/Microsoft.Compute/virtualMachines/AZVM-UbuntuWEBServer"
          },
          "sensitive_attributes": [],
          "private": "eyJlMmJmYjczMC1lY2FhLTExZTYtOGY4OC0zNDM2M2JjN2M0YzAiOnsiY3JlYXRlIjoxODAwMDAwMDAwMDAwLCJkZWxldGUiOjE4MDAwMDAwMDAwMDAsInJlYWQiOjMwMDAwMDAwMDAwMCwidXBkYXRlIjoxODAwMDAwMDAwMDAwfX0=",
          "dependencies": [
            "azurerm_public_ip.az_public_ip",
            "azurerm_resource_group.rg",
            "azurerm_subnet.az_subnet",
            "azurerm_virtual_network.az_vn"
          ]
        }
      ]
    },
    {
      "mode": "managed",
      "type": "azurerm_network_interface_security_group_association",
      "name": "NSGtoNI",
      "provider": "provider[\"registry.terraform.io/hashicorp/azurerm\"]",
      "instances": [
        {
          "schema_version": 0,
          "attributes": {
            "id": "/subscriptions/4ddbf480-32c8-4bd9-99fb-7cea419d8be2/resourceGroups/RG_EpamFP/providers/Microsoft.Network/networkInterfaces/AZVM-NIC|/subscriptions/4ddbf480-32c8-4bd9-99fb-7cea419d8be2/resourceGroups/RG_EpamFP/providers/Microsoft.Network/networkSecurityGroups/AZ_WEB_NSG",
            "network_interface_id": "/subscriptions/4ddbf480-32c8-4bd9-99fb-7cea419d8be2/resourceGroups/RG_EpamFP/providers/Microsoft.Network/networkInterfaces/AZVM-NIC",
            "network_security_group_id": "/subscriptions/4ddbf480-32c8-4bd9-99fb-7cea419d8be2/resourceGroups/RG_EpamFP/providers/Microsoft.Network/networkSecurityGroups/AZ_WEB_NSG",
            "timeouts": null
          },
          "sensitive_attributes": [],
          "private": "eyJlMmJmYjczMC1lY2FhLTExZTYtOGY4OC0zNDM2M2JjN2M0YzAiOnsiY3JlYXRlIjoxODAwMDAwMDAwMDAwLCJkZWxldGUiOjE4MDAwMDAwMDAwMDAsInJlYWQiOjMwMDAwMDAwMDAwMCwidXBkYXRlIjoxODAwMDAwMDAwMDAwfX0=",
          "dependencies": [
            "azurerm_network_interface.AZVM_nic",
            "azurerm_network_security_group.AZ_WEB_nsg",
            "azurerm_public_ip.az_public_ip",
            "azurerm_resource_group.rg",
            "azurerm_subnet.az_subnet",
            "azurerm_virtual_network.az_vn"
          ]
        }
      ]
    },
    {
      "mode": "managed",
      "type": "azurerm_network_security_group",
      "name": "AZ_WEB_nsg",
      "provider": "provider[\"registry.terraform.io/hashicorp/azurerm\"]",
      "instances": [
        {
          "schema_version": 0,
          "attributes": {
            "id": "/subscriptions/4ddbf480-32c8-4bd9-99fb-7cea419d8be2/resourceGroups/RG_EpamFP/providers/Microsoft.Network/networkSecurityGroups/AZ_WEB_NSG",
            "location": "eastus",
            "name": "AZ_WEB_NSG",
            "resource_group_name": "RG_EpamFP",
            "security_rule": [
              {
                "access": "Allow",
                "description": "",
                "destination_address_prefix": "*",
                "destination_address_prefixes": [],
                "destination_application_security_group_ids": [],
                "destination_port_range": "80",
                "destination_port_ranges": [],
                "direction": "Inbound",
                "name": "WEB80",
                "priority": 1002,
                "protocol": "Tcp",
                "source_address_prefix": "*",
                "source_address_prefixes": [],
                "source_application_security_group_ids": [],
                "source_port_range": "*",
                "source_port_ranges": []
              },
              {
                "access": "Allow",
                "description": null,
                "destination_address_prefix": "*",
                "destination_address_prefixes": [],
                "destination_application_security_group_ids": [],
                "destination_port_range": "22",
                "destination_port_ranges": [],
                "direction": "Inbound",
                "name": "SSH",
                "priority": 1001,
                "protocol": "Tcp",
                "source_address_prefix": "*",
                "source_address_prefixes": [],
                "source_application_security_group_ids": [],
                "source_port_range": "*",
                "source_port_ranges": []
              }
            ],
            "tags": {},
            "timeouts": null
          },
          "sensitive_attributes": [],
          "private": "eyJlMmJmYjczMC1lY2FhLTExZTYtOGY4OC0zNDM2M2JjN2M0YzAiOnsiY3JlYXRlIjoxODAwMDAwMDAwMDAwLCJkZWxldGUiOjE4MDAwMDAwMDAwMDAsInJlYWQiOjMwMDAwMDAwMDAwMCwidXBkYXRlIjoxODAwMDAwMDAwMDAwfX0=",
          "dependencies": [
            "azurerm_resource_group.rg"
          ]
        }
      ]
    },
    {
      "mode": "managed",
      "type": "azurerm_public_ip",
      "name": "az_public_ip",
      "provider": "provider[\"registry.terraform.io/hashicorp/azurerm\"]",
      "instances": [
        {
          "schema_version": 0,
          "attributes": {
            "allocation_method": "Dynamic",
            "availability_zone": "No-Zone",
            "domain_name_label": null,
            "fqdn": null,
            "id": "/subscriptions/4ddbf480-32c8-4bd9-99fb-7cea419d8be2/resourceGroups/RG_EpamFP/providers/Microsoft.Network/publicIPAddresses/AZVM-UbuntuWebServer-publicIP",
            "idle_timeout_in_minutes": 4,
            "ip_address": "74.235.60.34",
            "ip_tags": {},
            "ip_version": "IPv4",
            "location": "eastus",
            "name": "AZVM-UbuntuWebServer-publicIP",
            "public_ip_prefix_id": null,
            "resource_group_name": "RG_EpamFP",
            "reverse_fqdn": null,
            "sku": "Basic",
            "sku_tier": "Regional",
            "tags": {},
            "timeouts": null,
            "zones": []
          },
          "sensitive_attributes": [],
          "private": "eyJlMmJmYjczMC1lY2FhLTExZTYtOGY4OC0zNDM2M2JjN2M0YzAiOnsiY3JlYXRlIjoxODAwMDAwMDAwMDAwLCJkZWxldGUiOjE4MDAwMDAwMDAwMDAsInJlYWQiOjMwMDAwMDAwMDAwMCwidXBkYXRlIjoxODAwMDAwMDAwMDAwfX0=",
          "dependencies": [
            "azurerm_resource_group.rg"
          ]
        }
      ]
    },
    {
      "mode": "managed",
      "type": "azurerm_resource_group",
      "name": "rg",
      "provider": "provider[\"registry.terraform.io/hashicorp/azurerm\"]",
      "instances": [
        {
          "schema_version": 0,
          "attributes": {
            "id": "/subscriptions/4ddbf480-32c8-4bd9-99fb-7cea419d8be2/resourceGroups/RG_EpamFP",
            "location": "eastus",
            "name": "RG_EpamFP",
            "tags": {},
            "timeouts": null
          },
          "sensitive_attributes": [],
          "private": "eyJlMmJmYjczMC1lY2FhLTExZTYtOGY4OC0zNDM2M2JjN2M0YzAiOnsiY3JlYXRlIjo1NDAwMDAwMDAwMDAwLCJkZWxldGUiOjU0MDAwMDAwMDAwMDAsInJlYWQiOjMwMDAwMDAwMDAwMCwidXBkYXRlIjo1NDAwMDAwMDAwMDAwfX0="
        }
      ]
    },
    {
      "mode": "managed",
      "type": "azurerm_subnet",
      "name": "az_subnet",
      "provider": "provider[\"registry.terraform.io/hashicorp/azurerm\"]",
      "instances": [
        {
          "schema_version": 0,
          "attributes": {
            "address_prefix": "10.0.0.0/24",
            "address_prefixes": [
              "10.0.0.0/24"
            ],
            "delegation": [],
            "enforce_private_link_endpoint_network_policies": false,
            "enforce_private_link_service_network_policies": false,
            "id": "/subscriptions/4ddbf480-32c8-4bd9-99fb-7cea419d8be2/resourceGroups/RG_EpamFP/providers/Microsoft.Network/virtualNetworks/AZVM-UbuntuWebServer-vnet/subnets/AZVM-UbuntuWebServer-subnet",
            "name": "AZVM-UbuntuWebServer-subnet",
            "resource_group_name": "RG_EpamFP",
            "service_endpoint_policy_ids": [],
            "service_endpoints": [],
            "timeouts": null,
            "virtual_network_name": "AZVM-UbuntuWebServer-vnet"
          },
          "sensitive_attributes": [],
          "private": "eyJlMmJmYjczMC1lY2FhLTExZTYtOGY4OC0zNDM2M2JjN2M0YzAiOnsiY3JlYXRlIjoxODAwMDAwMDAwMDAwLCJkZWxldGUiOjE4MDAwMDAwMDAwMDAsInJlYWQiOjMwMDAwMDAwMDAwMCwidXBkYXRlIjoxODAwMDAwMDAwMDAwfX0=",
          "dependencies": [
            "azurerm_resource_group.rg",
            "azurerm_virtual_network.az_vn"
          ]
        }
      ]
    },
    {
      "mode": "managed",
      "type": "azurerm_virtual_network",
      "name": "az_vn",
      "provider": "provider[\"registry.terraform.io/hashicorp/azurerm\"]",
      "instances": [
        {
          "schema_version": 0,
          "attributes": {
            "address_space": [
              "10.0.0.0/16"
            ],
            "bgp_community": "",
            "ddos_protection_plan": [],
            "dns_servers": [],
            "flow_timeout_in_minutes": 0,
            "guid": "8d4a0a13-bcdb-42c9-b259-270dc45f20f2",
            "id": "/subscriptions/4ddbf480-32c8-4bd9-99fb-7cea419d8be2/resourceGroups/RG_EpamFP/providers/Microsoft.Network/virtualNetworks/AZVM-UbuntuWebServer-vnet",
            "location": "eastus",
            "name": "AZVM-UbuntuWebServer-vnet",
            "resource_group_name": "RG_EpamFP",
            "subnet": [
              {
                "address_prefix": "10.0.0.0/24",
                "id": "/subscriptions/4ddbf480-32c8-4bd9-99fb-7cea419d8be2/resourceGroups/RG_EpamFP/providers/Microsoft.Network/virtualNetworks/AZVM-UbuntuWebServer-vnet/subnets/AZVM-UbuntuWebServer-subnet",
                "name": "AZVM-UbuntuWebServer-subnet",
                "security_group": ""
              }
            ],
            "tags": {},
            "timeouts": null,
            "vm_protection_enabled": false
          },
          "sensitive_attributes": [],
          "private": "eyJlMmJmYjczMC1lY2FhLTExZTYtOGY4OC0zNDM2M2JjN2M0YzAiOnsiY3JlYXRlIjoxODAwMDAwMDAwMDAwLCJkZWxldGUiOjE4MDAwMDAwMDAwMDAsInJlYWQiOjMwMDAwMDAwMDAwMCwidXBkYXRlIjoxODAwMDAwMDAwMDAwfX0=",
          "dependencies": [
            "azurerm_resource_group.rg"
          ]
        }
      ]
    }
  ],
  "check_results": null
}
